
Microsoft Visual Studio Solution File, Format Version 12.00
Project("{3A28E511-839C-41B2-B710-3C2796C8621D}") = "Jellyfin.Plugin.ChapterSegments", "Jellyfin.Plugin.ChapterSegments\Jellyfin.Plugin.ChapterSegments.csproj", "{C24504D4-C987-4F8C-A4AF-35C4FE731EF6}"
EndProject
Global
	GlobalSection(SolutionConfigurationPlatforms) = preSolution
		Debug|Any CPU = Debug|Any CPU
		Release|Any CPU = Release|Any CPU
	EndGlobalSection
	GlobalSection(ProjectConfigurationPlatforms) = postSolution
		{C24504D4-C987-4F8C-A4AF-35C4FE731EF6}.Debug|Any CPU.ActiveCfg = Debug|Any CPU
		{C24504D4-C987-4F8C-A4AF-35C4FE731EF6}.Debug|Any CPU.Build.0 = Debug|Any CPU
		{C24504D4-C987-4F8C-A4AF-35C4FE731EF6}.Release|Any CPU.ActiveCfg = Release|Any CPU
		{C24504D4-C987-4F8C-A4AF-35C4FE731EF6}.Release|Any CPU.Build.0 = Release|Any CPU
	EndGlobalSection
EndGlobal
